
Microsoft Visual Studio Solution File, Format Version 12.00
# Visual Studio Version 17
VisualStudioVersion = 17.2.32526.322
MinimumVisualStudioVersion = 10.0.40219.1
Project("{9A19103F-16F7-4668-BE54-9A1E7A4F7556}") = "Test", "tests\UpInfo78.Tests\Test.csproj", "{A154A08A-914F-4471-B472-2792DA6CAD54}"
EndProject
Project("{9A19103F-16F7-4668-BE54-9A1E7A4F7556}") = "UpInfo78", "src\UpInfo78\UpInfo78.csproj", "{095C6850-725B-4251-BBBD-31ECAB75F877}"
EndProject
Global
	GlobalSection(SolutionConfigurationPlatforms) = preSolution
		Debug|Any CPU = Debug|Any CPU
		Release|Any CPU = Release|Any CPU
	EndGlobalSection
	GlobalSection(ProjectConfigurationPlatforms) = postSolution
		{A154A08A-914F-4471-B472-2792DA6CAD54}.Debug|Any CPU.ActiveCfg = Debug|Any CPU
		{A154A08A-914F-4471-B472-2792DA6CAD54}.Debug|Any CPU.Build.0 = Debug|Any CPU
		{A154A08A-914F-4471-B472-2792DA6CAD54}.Release|Any CPU.ActiveCfg = Release|Any CPU
		{A154A08A-914F-4471-B472-2792DA6CAD54}.Release|Any CPU.Build.0 = Release|Any CPU
		{095C6850-725B-4251-BBBD-31ECAB75F877}.Debug|Any CPU.ActiveCfg = Debug|Any CPU
		{095C6850-725B-4251-BBBD-31ECAB75F877}.Debug|Any CPU.Build.0 = Debug|Any CPU
		{095C6850-725B-4251-BBBD-31ECAB75F877}.Release|Any CPU.ActiveCfg = Release|Any CPU
		{095C6850-725B-4251-BBBD-31ECAB75F877}.Release|Any CPU.Build.0 = Release|Any CPU
	EndGlobalSection
	GlobalSection(SolutionProperties) = preSolution
		HideSolutionNode = FALSE
	EndGlobalSection
	GlobalSection(ExtensibilityGlobals) = postSolution
		SolutionGuid = {A053545E-4556-4E2E-82AF-D47D3491DCDA}
	EndGlobalSection
EndGlobal
