
Microsoft Visual Studio Solution File, Format Version 12.00
# Visual Studio 15
VisualStudioVersion = 15.0.28307.1209
MinimumVisualStudioVersion = 10.0.40219.1
Project("{9A19103F-16F7-4668-BE54-9A1E7A4F7556}") = "UpInfo78", "UpInfo78\UpInfo78.csproj", "{5FADBE7D-88B4-464A-9FFB-C5A23BBAD62C}"
EndProject
Global
	GlobalSection(SolutionConfigurationPlatforms) = preSolution
		Debug|Any CPU = Debug|Any CPU
		Release|Any CPU = Release|Any CPU
	EndGlobalSection
	GlobalSection(ProjectConfigurationPlatforms) = postSolution
		{5FADBE7D-88B4-464A-9FFB-C5A23BBAD62C}.Debug|Any CPU.ActiveCfg = Debug|Any CPU
		{5FADBE7D-88B4-464A-9FFB-C5A23BBAD62C}.Debug|Any CPU.Build.0 = Debug|Any CPU
		{5FADBE7D-88B4-464A-9FFB-C5A23BBAD62C}.Release|Any CPU.ActiveCfg = Release|Any CPU
		{5FADBE7D-88B4-464A-9FFB-C5A23BBAD62C}.Release|Any CPU.Build.0 = Release|Any CPU
	EndGlobalSection
	GlobalSection(SolutionProperties) = preSolution
		HideSolutionNode = FALSE
	EndGlobalSection
	GlobalSection(ExtensibilityGlobals) = postSolution
		SolutionGuid = {A053545E-4556-4E2E-82AF-D47D3491DCDA}
	EndGlobalSection
EndGlobal
