
Microsoft Visual Studio Solution File, Format Version 12.00
# Visual Studio Version 17
VisualStudioVersion = 17.2.32526.322
MinimumVisualStudioVersion = 10.0.40219.1
Project("{FAE04EC0-301F-11D3-BF4B-00C04F79EFBC}") = "UpInfo78", ".\UpInfo78\UpInfo78.csproj", "{69936DB7-E7C1-4698-A97F-9D2C454692AE}"
EndProject
Project("{FAE04EC0-301F-11D3-BF4B-00C04F79EFBC}") = "Upinfo78Test", ".\Upinfo78Test\Upinfo78Test.csproj", "{2B906311-13C9-491E-8837-6EB237508DD2}"
EndProject
Global
	GlobalSection(SolutionConfigurationPlatforms) = preSolution
		Debug|Any CPU = Debug|Any CPU
		Release|Any CPU = Release|Any CPU
	EndGlobalSection
	GlobalSection(ProjectConfigurationPlatforms) = postSolution
		{69936DB7-E7C1-4698-A97F-9D2C454692AE}.Debug|Any CPU.ActiveCfg = Debug|Any CPU
		{69936DB7-E7C1-4698-A97F-9D2C454692AE}.Debug|Any CPU.Build.0 = Debug|Any CPU
		{69936DB7-E7C1-4698-A97F-9D2C454692AE}.Release|Any CPU.ActiveCfg = Release|Any CPU
		{69936DB7-E7C1-4698-A97F-9D2C454692AE}.Release|Any CPU.Build.0 = Release|Any CPU
		{2B906311-13C9-491E-8837-6EB237508DD2}.Debug|Any CPU.ActiveCfg = Debug|Any CPU
		{2B906311-13C9-491E-8837-6EB237508DD2}.Debug|Any CPU.Build.0 = Debug|Any CPU
		{2B906311-13C9-491E-8837-6EB237508DD2}.Release|Any CPU.ActiveCfg = Release|Any CPU
		{2B906311-13C9-491E-8837-6EB237508DD2}.Release|Any CPU.Build.0 = Release|Any CPU
	EndGlobalSection
	GlobalSection(SolutionProperties) = preSolution
		HideSolutionNode = FALSE
	EndGlobalSection
	GlobalSection(ExtensibilityGlobals) = postSolution
		SolutionGuid = {A053545E-4556-4E2E-82AF-D47D3491DCDA}
	EndGlobalSection
EndGlobal
